
Microsoft Visual Studio Solution File, Format Version 12.00
# Visual Studio Version 17
VisualStudioVersion = 17.3.32929.385
MinimumVisualStudioVersion = 10.0.40219.1
Project("{9A19103F-16F7-4668-BE54-9A1E7A4F7556}") = "CoreAudio", "CoreAudio\CoreAudio.csproj", "{8A45AD26-C5CE-4288-BB9E-6D6807966760}"
EndProject
Project("{2150E333-8FDC-42A3-9474-1A3956D46DE8}") = "samples", "samples", "{B6A37155-713D-444D-A8F4-C0E5292AA5FF}"
EndProject
Project("{9A19103F-16F7-4668-BE54-9A1E7A4F7556}") = "CoreAudioConsole.Core.Sample", "samples\CoreAudioConsole.Core.Sample\CoreAudioConsole.Core.Sample.csproj", "{DA6A679D-FF19-463C-BA92-37F05AB95CC6}"
EndProject
Project("{FAE04EC0-301F-11D3-BF4B-00C04F79EFBC}") = "CoreAudioConsole.Framework.Sample", "samples\CoreAudioConsole.Framework.Sample\CoreAudioConsole.Framework.Sample.csproj", "{D269CDEE-2D69-471E-8436-48DC89BCF7CF}"
EndProject
Project("{FAE04EC0-301F-11D3-BF4B-00C04F79EFBC}") = "CoreAudioForms.Framework.Sample", "samples\CoreAudioForms.Framework.Sample\CoreAudioForms.Framework.Sample.csproj", "{3C36B004-A097-4640-BFCA-EA810434FEF5}"
EndProject
Project("{9A19103F-16F7-4668-BE54-9A1E7A4F7556}") = "CoreAudioForms.Core.Sample", "samples\CoreAudioForms.Core.Sample\CoreAudioForms.Core.Sample.csproj", "{F123A876-C490-405B-9C1C-04C96A59195B}"
EndProject
Project("{2150E333-8FDC-42A3-9474-1A3956D46DE8}") = "NetCore", "NetCore", "{CB708189-2A8A-4CED-B5EE-EEC376071DFB}"
EndProject
Project("{2150E333-8FDC-42A3-9474-1A3956D46DE8}") = "Framework", "Framework", "{6AF2F92E-A4AD-4BAB-8082-3405946C76C7}"
EndProject
Project("{FAE04EC0-301F-11D3-BF4B-00C04F79EFBC}") = "CoreAudioForms.Framework.Sessions", "samples\CoreAudioForms.Framework.Sessions\CoreAudioForms.Framework.Sessions.csproj", "{826914C2-0BD8-4C8E-807F-95F5853A94D3}"
EndProject
Project("{FAE04EC0-301F-11D3-BF4B-00C04F79EFBC}") = "CoreAudioConsole.Framework.Discover", "samples\CoreAudioConsole.Framework.Discover\CoreAudioConsole.Framework.Discover.csproj", "{F95C6BB8-63FE-42A5-9CA8-2D5A6DBF002C}"
EndProject
Global
	GlobalSection(SolutionConfigurationPlatforms) = preSolution
		Debug|Any CPU = Debug|Any CPU
		Release|Any CPU = Release|Any CPU
	EndGlobalSection
	GlobalSection(ProjectConfigurationPlatforms) = postSolution
		{8A45AD26-C5CE-4288-BB9E-6D6807966760}.Debug|Any CPU.ActiveCfg = Debug|Any CPU
		{8A45AD26-C5CE-4288-BB9E-6D6807966760}.Debug|Any CPU.Build.0 = Debug|Any CPU
		{8A45AD26-C5CE-4288-BB9E-6D6807966760}.Release|Any CPU.ActiveCfg = Release|Any CPU
		{8A45AD26-C5CE-4288-BB9E-6D6807966760}.Release|Any CPU.Build.0 = Release|Any CPU
		{DA6A679D-FF19-463C-BA92-37F05AB95CC6}.Debug|Any CPU.ActiveCfg = Debug|Any CPU
		{DA6A679D-FF19-463C-BA92-37F05AB95CC6}.Debug|Any CPU.Build.0 = Debug|Any CPU
		{DA6A679D-FF19-463C-BA92-37F05AB95CC6}.Release|Any CPU.ActiveCfg = Release|Any CPU
		{DA6A679D-FF19-463C-BA92-37F05AB95CC6}.Release|Any CPU.Build.0 = Release|Any CPU
		{D269CDEE-2D69-471E-8436-48DC89BCF7CF}.Debug|Any CPU.ActiveCfg = Debug|Any CPU
		{D269CDEE-2D69-471E-8436-48DC89BCF7CF}.Debug|Any CPU.Build.0 = Debug|Any CPU
		{D269CDEE-2D69-471E-8436-48DC89BCF7CF}.Release|Any CPU.ActiveCfg = Release|Any CPU
		{D269CDEE-2D69-471E-8436-48DC89BCF7CF}.Release|Any CPU.Build.0 = Release|Any CPU
		{3C36B004-A097-4640-BFCA-EA810434FEF5}.Debug|Any CPU.ActiveCfg = Debug|Any CPU
		{3C36B004-A097-4640-BFCA-EA810434FEF5}.Debug|Any CPU.Build.0 = Debug|Any CPU
		{3C36B004-A097-4640-BFCA-EA810434FEF5}.Release|Any CPU.ActiveCfg = Release|Any CPU
		{3C36B004-A097-4640-BFCA-EA810434FEF5}.Release|Any CPU.Build.0 = Release|Any CPU
		{F123A876-C490-405B-9C1C-04C96A59195B}.Debug|Any CPU.ActiveCfg = Debug|Any CPU
		{F123A876-C490-405B-9C1C-04C96A59195B}.Debug|Any CPU.Build.0 = Debug|Any CPU
		{F123A876-C490-405B-9C1C-04C96A59195B}.Release|Any CPU.ActiveCfg = Release|Any CPU
		{F123A876-C490-405B-9C1C-04C96A59195B}.Release|Any CPU.Build.0 = Release|Any CPU
		{826914C2-0BD8-4C8E-807F-95F5853A94D3}.Debug|Any CPU.ActiveCfg = Debug|Any CPU
		{826914C2-0BD8-4C8E-807F-95F5853A94D3}.Debug|Any CPU.Build.0 = Debug|Any CPU
		{826914C2-0BD8-4C8E-807F-95F5853A94D3}.Release|Any CPU.ActiveCfg = Release|Any CPU
		{826914C2-0BD8-4C8E-807F-95F5853A94D3}.Release|Any CPU.Build.0 = Release|Any CPU
		{F95C6BB8-63FE-42A5-9CA8-2D5A6DBF002C}.Debug|Any CPU.ActiveCfg = Debug|Any CPU
		{F95C6BB8-63FE-42A5-9CA8-2D5A6DBF002C}.Debug|Any CPU.Build.0 = Debug|Any CPU
		{F95C6BB8-63FE-42A5-9CA8-2D5A6DBF002C}.Release|Any CPU.ActiveCfg = Release|Any CPU
		{F95C6BB8-63FE-42A5-9CA8-2D5A6DBF002C}.Release|Any CPU.Build.0 = Release|Any CPU
	EndGlobalSection
	GlobalSection(SolutionProperties) = preSolution
		HideSolutionNode = FALSE
	EndGlobalSection
	GlobalSection(NestedProjects) = preSolution
		{DA6A679D-FF19-463C-BA92-37F05AB95CC6} = {CB708189-2A8A-4CED-B5EE-EEC376071DFB}
		{D269CDEE-2D69-471E-8436-48DC89BCF7CF} = {6AF2F92E-A4AD-4BAB-8082-3405946C76C7}
		{3C36B004-A097-4640-BFCA-EA810434FEF5} = {6AF2F92E-A4AD-4BAB-8082-3405946C76C7}
		{F123A876-C490-405B-9C1C-04C96A59195B} = {CB708189-2A8A-4CED-B5EE-EEC376071DFB}
		{CB708189-2A8A-4CED-B5EE-EEC376071DFB} = {B6A37155-713D-444D-A8F4-C0E5292AA5FF}
		{6AF2F92E-A4AD-4BAB-8082-3405946C76C7} = {B6A37155-713D-444D-A8F4-C0E5292AA5FF}
		{826914C2-0BD8-4C8E-807F-95F5853A94D3} = {6AF2F92E-A4AD-4BAB-8082-3405946C76C7}
		{F95C6BB8-63FE-42A5-9CA8-2D5A6DBF002C} = {6AF2F92E-A4AD-4BAB-8082-3405946C76C7}
	EndGlobalSection
	GlobalSection(ExtensibilityGlobals) = postSolution
		SolutionGuid = {C0A07563-12D9-4913-AD6F-89492A0952A9}
	EndGlobalSection
EndGlobal
