
Microsoft Visual Studio Solution File, Format Version 11.00
# Visual Studio 2010
Project("{FAE04EC0-301F-11D3-BF4B-00C04F79EFBC}") = "CoreAudioSample", "CoreAudioSample\CoreAudioSample.csproj", "{EDCDE937-2C83-49A6-A9B8-332AED11EABE}"
EndProject
Project("{FAE04EC0-301F-11D3-BF4B-00C04F79EFBC}") = "CoreAudio", "..\CoreAudio\CoreAudio.csproj", "{9F1076AA-63DF-4128-9C10-FD65E425C783}"
EndProject
Project("{FAE04EC0-301F-11D3-BF4B-00C04F79EFBC}") = "CoreAudioConsoleTest", "CoreAudioConsoleTest\CoreAudioConsoleTest.csproj", "{F0850BEC-4AB3-45DE-9C47-4071CD66E357}"
EndProject
Global
	GlobalSection(SolutionConfigurationPlatforms) = preSolution
		Debug|Any CPU = Debug|Any CPU
		Debug|Mixed Platforms = Debug|Mixed Platforms
		Debug|x86 = Debug|x86
		Release|Any CPU = Release|Any CPU
		Release|Mixed Platforms = Release|Mixed Platforms
		Release|x86 = Release|x86
	EndGlobalSection
	GlobalSection(ProjectConfigurationPlatforms) = postSolution
		{EDCDE937-2C83-49A6-A9B8-332AED11EABE}.Debug|Any CPU.ActiveCfg = Debug|Any CPU
		{EDCDE937-2C83-49A6-A9B8-332AED11EABE}.Debug|Any CPU.Build.0 = Debug|Any CPU
		{EDCDE937-2C83-49A6-A9B8-332AED11EABE}.Debug|Mixed Platforms.ActiveCfg = Debug|Any CPU
		{EDCDE937-2C83-49A6-A9B8-332AED11EABE}.Debug|Mixed Platforms.Build.0 = Debug|Any CPU
		{EDCDE937-2C83-49A6-A9B8-332AED11EABE}.Debug|x86.ActiveCfg = Debug|x86
		{EDCDE937-2C83-49A6-A9B8-332AED11EABE}.Debug|x86.Build.0 = Debug|x86
		{EDCDE937-2C83-49A6-A9B8-332AED11EABE}.Release|Any CPU.ActiveCfg = Release|Any CPU
		{EDCDE937-2C83-49A6-A9B8-332AED11EABE}.Release|Any CPU.Build.0 = Release|Any CPU
		{EDCDE937-2C83-49A6-A9B8-332AED11EABE}.Release|Mixed Platforms.ActiveCfg = Release|Any CPU
		{EDCDE937-2C83-49A6-A9B8-332AED11EABE}.Release|Mixed Platforms.Build.0 = Release|Any CPU
		{EDCDE937-2C83-49A6-A9B8-332AED11EABE}.Release|x86.ActiveCfg = Release|Any CPU
		{9F1076AA-63DF-4128-9C10-FD65E425C783}.Debug|Any CPU.ActiveCfg = Debug|Any CPU
		{9F1076AA-63DF-4128-9C10-FD65E425C783}.Debug|Any CPU.Build.0 = Debug|Any CPU
		{9F1076AA-63DF-4128-9C10-FD65E425C783}.Debug|Mixed Platforms.ActiveCfg = Debug|Any CPU
		{9F1076AA-63DF-4128-9C10-FD65E425C783}.Debug|Mixed Platforms.Build.0 = Debug|Any CPU
		{9F1076AA-63DF-4128-9C10-FD65E425C783}.Debug|x86.ActiveCfg = Debug|x86
		{9F1076AA-63DF-4128-9C10-FD65E425C783}.Debug|x86.Build.0 = Debug|x86
		{9F1076AA-63DF-4128-9C10-FD65E425C783}.Release|Any CPU.ActiveCfg = Release|Any CPU
		{9F1076AA-63DF-4128-9C10-FD65E425C783}.Release|Any CPU.Build.0 = Release|Any CPU
		{9F1076AA-63DF-4128-9C10-FD65E425C783}.Release|Mixed Platforms.ActiveCfg = Release|Any CPU
		{9F1076AA-63DF-4128-9C10-FD65E425C783}.Release|Mixed Platforms.Build.0 = Release|Any CPU
		{9F1076AA-63DF-4128-9C10-FD65E425C783}.Release|x86.ActiveCfg = Release|Any CPU
		{F0850BEC-4AB3-45DE-9C47-4071CD66E357}.Debug|Any CPU.ActiveCfg = Debug|Any CPU
		{F0850BEC-4AB3-45DE-9C47-4071CD66E357}.Debug|Any CPU.Build.0 = Debug|Any CPU
		{F0850BEC-4AB3-45DE-9C47-4071CD66E357}.Debug|Mixed Platforms.ActiveCfg = Debug|x86
		{F0850BEC-4AB3-45DE-9C47-4071CD66E357}.Debug|Mixed Platforms.Build.0 = Debug|x86
		{F0850BEC-4AB3-45DE-9C47-4071CD66E357}.Debug|x86.ActiveCfg = Debug|x86
		{F0850BEC-4AB3-45DE-9C47-4071CD66E357}.Debug|x86.Build.0 = Debug|x86
		{F0850BEC-4AB3-45DE-9C47-4071CD66E357}.Release|Any CPU.ActiveCfg = Release|x86
		{F0850BEC-4AB3-45DE-9C47-4071CD66E357}.Release|Mixed Platforms.ActiveCfg = Release|x86
		{F0850BEC-4AB3-45DE-9C47-4071CD66E357}.Release|Mixed Platforms.Build.0 = Release|x86
		{F0850BEC-4AB3-45DE-9C47-4071CD66E357}.Release|x86.ActiveCfg = Release|x86
		{F0850BEC-4AB3-45DE-9C47-4071CD66E357}.Release|x86.Build.0 = Release|x86
	EndGlobalSection
	GlobalSection(SolutionProperties) = preSolution
		HideSolutionNode = FALSE
	EndGlobalSection
EndGlobal
